
Microsoft Visual Studio Solution File, Format Version 12.00
# Visual Studio Version 17
VisualStudioVersion = 17.0.31912.275
MinimumVisualStudioVersion = 10.0.40219.1
Project("{FAE04EC0-301F-11D3-BF4B-00C04F79EFBC}") = "lab3_designpatterns", "lab3_designpatterns\lab3_designpatterns.csproj", "{AB291619-9BAA-4409-BC48-1147B18E85E8}"
EndProject
Global
	GlobalSection(SolutionConfigurationPlatforms) = preSolution
		Debug|Any CPU = Debug|Any CPU
		Release|Any CPU = Release|Any CPU
	EndGlobalSection
	GlobalSection(ProjectConfigurationPlatforms) = postSolution
		{AB291619-9BAA-4409-BC48-1147B18E85E8}.Debug|Any CPU.ActiveCfg = Debug|Any CPU
		{AB291619-9BAA-4409-BC48-1147B18E85E8}.Debug|Any CPU.Build.0 = Debug|Any CPU
		{AB291619-9BAA-4409-BC48-1147B18E85E8}.Release|Any CPU.ActiveCfg = Release|Any CPU
		{AB291619-9BAA-4409-BC48-1147B18E85E8}.Release|Any CPU.Build.0 = Release|Any CPU
	EndGlobalSection
	GlobalSection(SolutionProperties) = preSolution
		HideSolutionNode = FALSE
	EndGlobalSection
	GlobalSection(ExtensibilityGlobals) = postSolution
		SolutionGuid = {B296C52A-ED3E-48ED-A35A-1EDE19B5D575}
	EndGlobalSection
EndGlobal
